
Microsoft Visual Studio Solution File, Format Version 12.00
# Visual Studio Version 16
VisualStudioVersion = 16.0.31624.102
MinimumVisualStudioVersion = 10.0.40219.1
Project("{FAE04EC0-301F-11D3-BF4B-00C04F79EFBC}") = "ConsoleApp1", "ConsoleApp1\ConsoleApp1.csproj", "{10FA4783-28BC-4BBA-A61D-70B550B84C93}"
EndProject
Global
	GlobalSection(SolutionConfigurationPlatforms) = preSolution
		Debug|Any CPU = Debug|Any CPU
		Release|Any CPU = Release|Any CPU
	EndGlobalSection
	GlobalSection(ProjectConfigurationPlatforms) = postSolution
		{10FA4783-28BC-4BBA-A61D-70B550B84C93}.Debug|Any CPU.ActiveCfg = Debug|Any CPU
		{10FA4783-28BC-4BBA-A61D-70B550B84C93}.Debug|Any CPU.Build.0 = Debug|Any CPU
		{10FA4783-28BC-4BBA-A61D-70B550B84C93}.Release|Any CPU.ActiveCfg = Release|Any CPU
		{10FA4783-28BC-4BBA-A61D-70B550B84C93}.Release|Any CPU.Build.0 = Release|Any CPU
	EndGlobalSection
	GlobalSection(SolutionProperties) = preSolution
		HideSolutionNode = FALSE
	EndGlobalSection
	GlobalSection(ExtensibilityGlobals) = postSolution
		SolutionGuid = {AB15FF76-10AD-4715-B71B-7D5DB1586661}
	EndGlobalSection
EndGlobal
